
Microsoft Visual Studio Solution File, Format Version 12.00
# Visual Studio Version 17
VisualStudioVersion = 17.13.35913.81 d17.13
MinimumVisualStudioVersion = 10.0.40219.1
Project("{FAE04EC0-301F-11D3-BF4B-00C04F79EFBC}") = "RickAndMortyMauiApp", "RickAndMortyMauiApp.csproj", "{C238E118-5C4E-4DB2-A2A1-B713AE7787CB}"
EndProject
Global
	GlobalSection(SolutionConfigurationPlatforms) = preSolution
		Debug|Any CPU = Debug|Any CPU
		Release|Any CPU = Release|Any CPU
	EndGlobalSection
	GlobalSection(ProjectConfigurationPlatforms) = postSolution
		{C238E118-5C4E-4DB2-A2A1-B713AE7787CB}.Debug|Any CPU.ActiveCfg = Debug|Any CPU
		{C238E118-5C4E-4DB2-A2A1-B713AE7787CB}.Debug|Any CPU.Build.0 = Debug|Any CPU
		{C238E118-5C4E-4DB2-A2A1-B713AE7787CB}.Debug|Any CPU.Deploy.0 = Debug|Any CPU
		{C238E118-5C4E-4DB2-A2A1-B713AE7787CB}.Release|Any CPU.ActiveCfg = Release|Any CPU
		{C238E118-5C4E-4DB2-A2A1-B713AE7787CB}.Release|Any CPU.Build.0 = Release|Any CPU
		{C238E118-5C4E-4DB2-A2A1-B713AE7787CB}.Release|Any CPU.Deploy.0 = Release|Any CPU
	EndGlobalSection
	GlobalSection(SolutionProperties) = preSolution
		HideSolutionNode = FALSE
	EndGlobalSection
	GlobalSection(ExtensibilityGlobals) = postSolution
		SolutionGuid = {1A122228-5A8D-48E4-98D5-84553927446A}
	EndGlobalSection
EndGlobal
